2
git https://github.com/Hejsil/zig-clap commit-ac5f46541ca47d3db9df0fcef3cc61731adaefab
git https://github.com/nektro/zig-inquirer commit-14c3492c46f9765c3e77436741794d1a3118cbee
git https://github.com/nektro/zig-ansi commit-d4a53bcac5b87abecc65491109ec22aaf5f3dc2f
git https://github.com/nektro/zig-range commit-4b2f12808aa09be4b27a163efc424dd4e0415992
